{
  "projects": [
    {
      "projectId": "eUnZTWXfh7jvqYBMMqPhKk",
      "version": "latest",
      "dependencies": {},
      "lang": "ts",
      "fileLocks": [
        {
          "type": "globalVariant",
          "assetId": "bsJFJOIyQ8bYQ",
          "checksum": "3a5c9e39908ca22cb4c67d3b8b1803b7"
        },
        {
          "type": "renderModule",
          "assetId": "fENnDOLOgjm2",
          "checksum": "5761aed55c93ace379f6ee4fa4620533"
        },
        {
          "type": "cssRules",
          "assetId": "fENnDOLOgjm2",
          "checksum": "5761aed55c93ace379f6ee4fa4620533"
        },
        {
          "type": "image",
          "assetId": "F13Y852oP",
          "checksum": "f69a00cd9fa04031d070aaf85f2be938"
        },
        {
          "assetId": "eUnZTWXfh7jvqYBMMqPhKk",
          "type": "projectCss",
          "checksum": "33194b8297a5bea26127fdd14c7841a6"
        },
        {
          "type": "renderModule",
          "assetId": "E1TVPzTuVx",
          "checksum": "4ae6d030ab811c17e65dcf24e3eea984"
        },
        {
          "type": "cssRules",
          "assetId": "E1TVPzTuVx",
          "checksum": "4ae6d030ab811c17e65dcf24e3eea984"
        },
        {
          "type": "image",
          "assetId": "POkjxkjeZ",
          "checksum": "a0c5c397cc9c159028c6dfb1a1fe8e46"
        }
      ],
      "codegenVersion": "0.0.1"
    }
  ],
  "cliVersion": "0.1.184"
}
